// !$*UTF8*$!
{
	archiveVersion = 1;
	classes = {
	};
	objectVersion = 55;
	objects = {

/* Begin PBXBuildFile section */
		0FF90DEB276D0F180051D1E4 /* TouchDownApp.swift in Sources */ = {isa = PBXBuildFile; fileRef = 0FF90DEA276D0F180051D1E4 /* TouchDownApp.swift */; };
		0FF90DED276D0F180051D1E4 /* ContentView.swift in Sources */ = {isa = PBXBuildFile; fileRef = 0FF90DEC276D0F180051D1E4 /* ContentView.swift */; };
		0FF90DEF276D0F1A0051D1E4 /* Assets.xcassets in Resources */ = {isa = PBXBuildFile; fileRef = 0FF90DEE276D0F1A0051D1E4 /* Assets.xcassets */; };
		0FF90DF2276D0F1A0051D1E4 /* Preview Assets.xcassets in Resources */ = {isa = PBXBuildFile; fileRef = 0FF90DF1276D0F1A0051D1E4 /* Preview Assets.xcassets */; };
		0FF90DFD276D10AF0051D1E4 /* brand.json in Resources */ = {isa = PBXBuildFile; fileRef = 0FF90DF9276D10AF0051D1E4 /* brand.json */; };
		0FF90DFE276D10AF0051D1E4 /* product.json in Resources */ = {isa = PBXBuildFile; fileRef = 0FF90DFA276D10AF0051D1E4 /* product.json */; };
		0FF90DFF276D10AF0051D1E4 /* category.json in Resources */ = {isa = PBXBuildFile; fileRef = 0FF90DFB276D10AF0051D1E4 /* category.json */; };
		0FF90E00276D10AF0051D1E4 /* player.json in Resources */ = {isa = PBXBuildFile; fileRef = 0FF90DFC276D10AF0051D1E4 /* player.json */; };
		0FF90E0A276D116E0051D1E4 /* Constants.swift in Sources */ = {isa = PBXBuildFile; fileRef = 0FF90E09276D116E0051D1E4 /* Constants.swift */; };
		0FF90E0C276D12A60051D1E4 /* FooterView.swift in Sources */ = {isa = PBXBuildFile; fileRef = 0FF90E0B276D12A60051D1E4 /* FooterView.swift */; };
		0FF90E0E276D166C0051D1E4 /* NavigationBarView.swift in Sources */ = {isa = PBXBuildFile; fileRef = 0FF90E0D276D166C0051D1E4 /* NavigationBarView.swift */; };
		0FF90E10276D18BA0051D1E4 /* LogoView.swift in Sources */ = {isa = PBXBuildFile; fileRef = 0FF90E0F276D18BA0051D1E4 /* LogoView.swift */; };
		0FF90E12276DD5830051D1E4 /* PlayerModel.swift in Sources */ = {isa = PBXBuildFile; fileRef = 0FF90E11276DD5830051D1E4 /* PlayerModel.swift */; };
		0FF90E14276DD6410051D1E4 /* CodableBundleExtension.swift in Sources */ = {isa = PBXBuildFile; fileRef = 0FF90E13276DD6410051D1E4 /* CodableBundleExtension.swift */; };
		0FF90E16276DD8570051D1E4 /* FeaturedItemView.swift in Sources */ = {isa = PBXBuildFile; fileRef = 0FF90E15276DD8570051D1E4 /* FeaturedItemView.swift */; };
		0FF90E18276DD92B0051D1E4 /* FeaturedTabView.swift in Sources */ = {isa = PBXBuildFile; fileRef = 0FF90E17276DD92B0051D1E4 /* FeaturedTabView.swift */; };
/* End PBXBuildFile section */

/* Begin PBXFileReference section */
		0FF90DE7276D0F180051D1E4 /* TouchDown.app */ = {isa = PBXFileReference; explicitFileType = wrapper.application; includeInIndex = 0; path = TouchDown.app; sourceTree = BUILT_PRODUCTS_DIR; };
		0FF90DEA276D0F180051D1E4 /* TouchDownApp.swift */ = {isa = PBXFileReference; lastKnownFileType = sourcecode.swift; path = TouchDownApp.swift; sourceTree = "<group>"; };
		0FF90DEC276D0F180051D1E4 /* ContentView.swift */ = {isa = PBXFileReference; lastKnownFileType = sourcecode.swift; path = ContentView.swift; sourceTree = "<group>"; };
		0FF90DEE276D0F1A0051D1E4 /* Assets.xcassets */ = {isa = PBXFileReference; lastKnownFileType = folder.assetcatalog; path = Assets.xcassets; sourceTree = "<group>"; };
		0FF90DF1276D0F1A0051D1E4 /* Preview Assets.xcassets */ = {isa = PBXFileReference; lastKnownFileType = folder.assetcatalog; path = "Preview Assets.xcassets"; sourceTree = "<group>"; };
		0FF90DF8276D10250051D1E4 /* Info.plist */ = {isa = PBXFileReference; lastKnownFileType = text.plist; path = Info.plist; sourceTree = "<group>"; };
		0FF90DF9276D10AF0051D1E4 /* brand.json */ = {isa = PBXFileReference; fileEncoding = 4; lastKnownFileType = text.json; path = brand.json; sourceTree = "<group>"; };
		0FF90DFA276D10AF0051D1E4 /* product.json */ = {isa = PBXFileReference; fileEncoding = 4; lastKnownFileType = text.json; path = product.json; sourceTree = "<group>"; };
		0FF90DFB276D10AF0051D1E4 /* category.json */ = {isa = PBXFileReference; fileEncoding = 4; lastKnownFileType = text.json; path = category.json; sourceTree = "<group>"; };
		0FF90DFC276D10AF0051D1E4 /* player.json */ = {isa = PBXFileReference; fileEncoding = 4; lastKnownFileType = text.json; path = player.json; sourceTree = "<group>"; };
		0FF90E09276D116E0051D1E4 /* Constants.swift */ = {isa = PBXFileReference; lastKnownFileType = sourcecode.swift; path = Constants.swift; sourceTree = "<group>"; };
		0FF90E0B276D12A60051D1E4 /* FooterView.swift */ = {isa = PBXFileReference; lastKnownFileType = sourcecode.swift; path = FooterView.swift; sourceTree = "<group>"; };
		0FF90E0D276D166C0051D1E4 /* NavigationBarView.swift */ = {isa = PBXFileReference; lastKnownFileType = sourcecode.swift; path = NavigationBarView.swift; sourceTree = "<group>"; };
		0FF90E0F276D18BA0051D1E4 /* LogoView.swift */ = {isa = PBXFileReference; lastKnownFileType = sourcecode.swift; path = LogoView.swift; sourceTree = "<group>"; };
		0FF90E11276DD5830051D1E4 /* PlayerModel.swift */ = {isa = PBXFileReference; lastKnownFileType = sourcecode.swift; path = PlayerModel.swift; sourceTree = "<group>"; };
		0FF90E13276DD6410051D1E4 /* CodableBundleExtension.swift */ = {isa = PBXFileReference; lastKnownFileType = sourcecode.swift; path = CodableBundleExtension.swift; sourceTree = "<group>"; };
		0FF90E15276DD8570051D1E4 /* FeaturedItemView.swift */ = {isa = PBXFileReference; lastKnownFileType = sourcecode.swift; path = FeaturedItemView.swift; sourceTree = "<group>"; };
		0FF90E17276DD92B0051D1E4 /* FeaturedTabView.swift */ = {isa = PBXFileReference; lastKnownFileType = sourcecode.swift; path = FeaturedTabView.swift; sourceTree = "<group>"; };
/* End PBXFileReference section */

/* Begin PBXFrameworksBuildPhase section */
		0FF90DE4276D0F180051D1E4 /* Frameworks */ = {
			isa = PBXFrameworksBuildPhase;
			buildActionMask = 2147483647;
			files = (
			);
			runOnlyForDeploymentPostprocessing = 0;
		};
/* End PBXFrameworksBuildPhase section */

/* Begin PBXGroup section */
		0FF90DDE276D0F180051D1E4 = {
			isa = PBXGroup;
			children = (
				0FF90DE9276D0F180051D1E4 /* TouchDown */,
				0FF90DE8276D0F180051D1E4 /* Products */,
			);
			sourceTree = "<group>";
		};
		0FF90DE8276D0F180051D1E4 /* Products */ = {
			isa = PBXGroup;
			children = (
				0FF90DE7276D0F180051D1E4 /* TouchDown.app */,
			);
			name = Products;
			sourceTree = "<group>";
		};
		0FF90DE9276D0F180051D1E4 /* TouchDown */ = {
			isa = PBXGroup;
			children = (
				0FF90E08276D11450051D1E4 /* Extension */,
				0FF90E07276D11330051D1E4 /* Utility */,
				0FF90E06276D11260051D1E4 /* Model */,
				0FF90E03276D10E00051D1E4 /* View */,
				0FF90E01276D10BA0051D1E4 /* Data */,
				0FF90DF8276D10250051D1E4 /* Info.plist */,
				0FF90E02276D10D70051D1E4 /* App */,
				0FF90DEE276D0F1A0051D1E4 /* Assets.xcassets */,
				0FF90DF0276D0F1A0051D1E4 /* Preview Content */,
			);
			path = TouchDown;
			sourceTree = "<group>";
		};
		0FF90DF0276D0F1A0051D1E4 /* Preview Content */ = {
			isa = PBXGroup;
			children = (
				0FF90DF1276D0F1A0051D1E4 /* Preview Assets.xcassets */,
			);
			path = "Preview Content";
			sourceTree = "<group>";
		};
		0FF90E01276D10BA0051D1E4 /* Data */ = {
			isa = PBXGroup;
			children = (
				0FF90DF9276D10AF0051D1E4 /* brand.json */,
				0FF90DFB276D10AF0051D1E4 /* category.json */,
				0FF90DFC276D10AF0051D1E4 /* player.json */,
				0FF90DFA276D10AF0051D1E4 /* product.json */,
				0FF90E11276DD5830051D1E4 /* PlayerModel.swift */,
			);
			path = Data;
			sourceTree = "<group>";
		};
		0FF90E02276D10D70051D1E4 /* App */ = {
			isa = PBXGroup;
			children = (
				0FF90DEA276D0F180051D1E4 /* TouchDownApp.swift */,
				0FF90DEC276D0F180051D1E4 /* ContentView.swift */,
			);
			path = App;
			sourceTree = "<group>";
		};
		0FF90E03276D10E00051D1E4 /* View */ = {
			isa = PBXGroup;
			children = (
				0FF90E05276D111D0051D1E4 /* Detail */,
				0FF90E04276D11150051D1E4 /* Home */,
			);
			path = View;
			sourceTree = "<group>";
		};
		0FF90E04276D11150051D1E4 /* Home */ = {
			isa = PBXGroup;
			children = (
				0FF90E0B276D12A60051D1E4 /* FooterView.swift */,
				0FF90E0D276D166C0051D1E4 /* NavigationBarView.swift */,
				0FF90E0F276D18BA0051D1E4 /* LogoView.swift */,
				0FF90E15276DD8570051D1E4 /* FeaturedItemView.swift */,
				0FF90E17276DD92B0051D1E4 /* FeaturedTabView.swift */,
			);
			path = Home;
			sourceTree = "<group>";
		};
		0FF90E05276D111D0051D1E4 /* Detail */ = {
			isa = PBXGroup;
			children = (
			);
			path = Detail;
			sourceTree = "<group>";
		};
		0FF90E06276D11260051D1E4 /* Model */ = {
			isa = PBXGroup;
			children = (
			);
			path = Model;
			sourceTree = "<group>";
		};
		0FF90E07276D11330051D1E4 /* Utility */ = {
			isa = PBXGroup;
			children = (
				0FF90E09276D116E0051D1E4 /* Constants.swift */,
			);
			path = Utility;
			sourceTree = "<group>";
		};
		0FF90E08276D11450051D1E4 /* Extension */ = {
			isa = PBXGroup;
			children = (
				0FF90E13276DD6410051D1E4 /* CodableBundleExtension.swift */,
			);
			path = Extension;
			sourceTree = "<group>";
		};
/* End PBXGroup section */

/* Begin PBXNativeTarget section */
		0FF90DE6276D0F180051D1E4 /* TouchDown */ = {
			isa = PBXNativeTarget;
			buildConfigurationList = 0FF90DF5276D0F1A0051D1E4 /* Build configuration list for PBXNativeTarget "TouchDown" */;
			buildPhases = (
				0FF90DE3276D0F180051D1E4 /* Sources */,
				0FF90DE4276D0F180051D1E4 /* Frameworks */,
				0FF90DE5276D0F180051D1E4 /* Resources */,
			);
			buildRules = (
			);
			dependencies = (
			);
			name = TouchDown;
			productName = TouchDown;
			productReference = 0FF90DE7276D0F180051D1E4 /* TouchDown.app */;
			productType = "com.apple.product-type.application";
		};
/* End PBXNativeTarget section */

/* Begin PBXProject section */
		0FF90DDF276D0F180051D1E4 /* Project object */ = {
			isa = PBXProject;
			attributes = {
				BuildIndependentTargetsInParallel = 1;
				LastSwiftUpdateCheck = 1310;
				LastUpgradeCheck = 1310;
				TargetAttributes = {
					0FF90DE6276D0F180051D1E4 = {
						CreatedOnToolsVersion = 13.1;
					};
				};
			};
			buildConfigurationList = 0FF90DE2276D0F180051D1E4 /* Build configuration list for PBXProject "TouchDown" */;
			compatibilityVersion = "Xcode 13.0";
			developmentRegion = en;
			hasScannedForEncodings = 0;
			knownRegions = (
				en,
				Base,
			);
			mainGroup = 0FF90DDE276D0F180051D1E4;
			productRefGroup = 0FF90DE8276D0F180051D1E4 /* Products */;
			projectDirPath = "";
			projectRoot = "";
			targets = (
				0FF90DE6276D0F180051D1E4 /* TouchDown */,
			);
		};
/* End PBXProject section */

/* Begin PBXResourcesBuildPhase section */
		0FF90DE5276D0F180051D1E4 /* Resources */ = {
			isa = PBXResourcesBuildPhase;
			buildActionMask = 2147483647;
			files = (
				0FF90E00276D10AF0051D1E4 /* player.json in Resources */,
				0FF90DF2276D0F1A0051D1E4 /* Preview Assets.xcassets in Resources */,
				0FF90DFE276D10AF0051D1E4 /* product.json in Resources */,
				0FF90DFF276D10AF0051D1E4 /* category.json in Resources */,
				0FF90DEF276D0F1A0051D1E4 /* Assets.xcassets in Resources */,
				0FF90DFD276D10AF0051D1E4 /* brand.json in Resources */,
			);
			runOnlyForDeploymentPostprocessing = 0;
		};
/* End PBXResourcesBuildPhase section */

/* Begin PBXSourcesBuildPhase section */
		0FF90DE3276D0F180051D1E4 /* Sources */ = {
			isa = PBXSourcesBuildPhase;
			buildActionMask = 2147483647;
			files = (
				0FF90E14276DD6410051D1E4 /* CodableBundleExtension.swift in Sources */,
				0FF90DED276D0F180051D1E4 /* ContentView.swift in Sources */,
				0FF90E10276D18BA0051D1E4 /* LogoView.swift in Sources */,
				0FF90E0C276D12A60051D1E4 /* FooterView.swift in Sources */,
				0FF90E16276DD8570051D1E4 /* FeaturedItemView.swift in Sources */,
				0FF90DEB276D0F180051D1E4 /* TouchDownApp.swift in Sources */,
				0FF90E0A276D116E0051D1E4 /* Constants.swift in Sources */,
				0FF90E0E276D166C0051D1E4 /* NavigationBarView.swift in Sources */,
				0FF90E18276DD92B0051D1E4 /* FeaturedTabView.swift in Sources */,
				0FF90E12276DD5830051D1E4 /* PlayerModel.swift in Sources */,
			);
			runOnlyForDeploymentPostprocessing = 0;
		};
/* End PBXSourcesBuildPhase section */

/* Begin XCBuildConfiguration section */
		0FF90DF3276D0F1A0051D1E4 /* Debug */ = {
			isa = XCBuildConfiguration;
			buildSettings = {
				ALWAYS_SEARCH_USER_PATHS = NO;
				CLANG_ANALYZER_NONNULL = YES;
				CLANG_ANALYZER_NUMBER_OBJECT_CONVERSION = YES_AGGRESSIVE;
				CLANG_CXX_LANGUAGE_STANDARD = "gnu++17";
				CLANG_CXX_LIBRARY = "libc++";
				CLANG_ENABLE_MODULES = YES;
				CLANG_ENABLE_OBJC_ARC = YES;
				CLANG_ENABLE_OBJC_WEAK = YES;
				CLANG_WARN_BLOCK_CAPTURE_AUTORELEASING = YES;
				CLANG_WARN_BOOL_CONVERSION = YES;
				CLANG_WARN_COMMA = YES;
				CLANG_WARN_CONSTANT_CONVERSION = YES;
				CLANG_WARN_DEPRECATED_OBJC_IMPLEMENTATIONS = YES;
				CLANG_WARN_DIRECT_OBJC_ISA_USAGE = YES_ERROR;
				CLANG_WARN_DOCUMENTATION_COMMENTS = YES;
				CLANG_WARN_EMPTY_BODY = YES;
				CLANG_WARN_ENUM_CONVERSION = YES;
				CLANG_WARN_INFINITE_RECURSION = YES;
				CLANG_WARN_INT_CONVERSION = YES;
				CLANG_WARN_NON_LITERAL_NULL_CONVERSION = YES;
				CLANG_WARN_OBJC_IMPLICIT_RETAIN_SELF = YES;
				CLANG_WARN_OBJC_LITERAL_CONVERSION = YES;
				CLANG_WARN_OBJC_ROOT_CLASS = YES_ERROR;
				CLANG_WARN_QUOTED_INCLUDE_IN_FRAMEWORK_HEADER = YES;
				CLANG_WARN_RANGE_LOOP_ANALYSIS = YES;
				CLANG_WARN_STRICT_PROTOTYPES = YES;
				CLANG_WARN_SUSPICIOUS_MOVE = YES;
				CLANG_WARN_UNGUARDED_AVAILABILITY = YES_AGGRESSIVE;
				CLANG_WARN_UNREACHABLE_CODE = YES;
				CLANG_WARN__DUPLICATE_METHOD_MATCH = YES;
				COPY_PHASE_STRIP = NO;
				DEBUG_INFORMATION_FORMAT = dwarf;
				ENABLE_STRICT_OBJC_MSGSEND = YES;
				ENABLE_TESTABILITY = YES;
				GCC_C_LANGUAGE_STANDARD = gnu11;
				GCC_DYNAMIC_NO_PIC = NO;
				GCC_NO_COMMON_BLOCKS = YES;
				GCC_OPTIMIZATION_LEVEL = 0;
				GCC_PREPROCESSOR_DEFINITIONS = (
					"DEBUG=1",
					"$(inherited)",
				);
				GCC_WARN_64_TO_32_BIT_CONVERSION = YES;
				GCC_WARN_ABOUT_RETURN_TYPE = YES_ERROR;
				GCC_WARN_UNDECLARED_SELECTOR = YES;
				GCC_WARN_UNINITIALIZED_AUTOS = YES_AGGRESSIVE;
				GCC_WARN_UNUSED_FUNCTION = YES;
				GCC_WARN_UNUSED_VARIABLE = YES;
				IPHONEOS_DEPLOYMENT_TARGET = 15.0;
				MTL_ENABLE_DEBUG_INFO = INCLUDE_SOURCE;
				MTL_FAST_MATH = YES;
				ONLY_ACTIVE_ARCH = YES;
				SDKROOT = iphoneos;
				SWIFT_ACTIVE_COMPILATION_CONDITIONS = DEBUG;
				SWIFT_OPTIMIZATION_LEVEL = "-Onone";
			};
			name = Debug;
		};
		0FF90DF4276D0F1A0051D1E4 /* Release */ = {
			isa = XCBuildConfiguration;
			buildSettings = {
				ALWAYS_SEARCH_USER_PATHS = NO;
				CLANG_ANALYZER_NONNULL = YES;
				CLANG_ANALYZER_NUMBER_OBJECT_CONVERSION = YES_AGGRESSIVE;
				CLANG_CXX_LANGUAGE_STANDARD = "gnu++17";
				CLANG_CXX_LIBRARY = "libc++";
				CLANG_ENABLE_MODULES = YES;
				CLANG_ENABLE_OBJC_ARC = YES;
				CLANG_ENABLE_OBJC_WEAK = YES;
				CLANG_WARN_BLOCK_CAPTURE_AUTORELEASING = YES;
				CLANG_WARN_BOOL_CONVERSION = YES;
				CLANG_WARN_COMMA = YES;
				CLANG_WARN_CONSTANT_CONVERSION = YES;
				CLANG_WARN_DEPRECATED_OBJC_IMPLEMENTATIONS = YES;
				CLANG_WARN_DIRECT_OBJC_ISA_USAGE = YES_ERROR;
				CLANG_WARN_DOCUMENTATION_COMMENTS = YES;
				CLANG_WARN_EMPTY_BODY = YES;
				CLANG_WARN_ENUM_CONVERSION = YES;
				CLANG_WARN_INFINITE_RECURSION = YES;
				CLANG_WARN_INT_CONVERSION = YES;
				CLANG_WARN_NON_LITERAL_NULL_CONVERSION = YES;
				CLANG_WARN_OBJC_IMPLICIT_RETAIN_SELF = YES;
				CLANG_WARN_OBJC_LITERAL_CONVERSION = YES;
				CLANG_WARN_OBJC_ROOT_CLASS = YES_ERROR;
				CLANG_WARN_QUOTED_INCLUDE_IN_FRAMEWORK_HEADER = YES;
				CLANG_WARN_RANGE_LOOP_ANALYSIS = YES;
				CLANG_WARN_STRICT_PROTOTYPES = YES;
				CLANG_WARN_SUSPICIOUS_MOVE = YES;
				CLANG_WARN_UNGUARDED_AVAILABILITY = YES_AGGRESSIVE;
				CLANG_WARN_UNREACHABLE_CODE = YES;
				CLANG_WARN__DUPLICATE_METHOD_MATCH = YES;
				COPY_PHASE_STRIP = NO;
				DEBUG_INFORMATION_FORMAT = "dwarf-with-dsym";
				ENABLE_NS_ASSERTIONS = NO;
				ENABLE_STRICT_OBJC_MSGSEND = YES;
				GCC_C_LANGUAGE_STANDARD = gnu11;
				GCC_NO_COMMON_BLOCKS = YES;
				GCC_WARN_64_TO_32_BIT_CONVERSION = YES;
				GCC_WARN_ABOUT_RETURN_TYPE = YES_ERROR;
				GCC_WARN_UNDECLARED_SELECTOR = YES;
				GCC_WARN_UNINITIALIZED_AUTOS = YES_AGGRESSIVE;
				GCC_WARN_UNUSED_FUNCTION = YES;
				GCC_WARN_UNUSED_VARIABLE = YES;
				IPHONEOS_DEPLOYMENT_TARGET = 15.0;
				MTL_ENABLE_DEBUG_INFO = NO;
				MTL_FAST_MATH = YES;
				SDKROOT = iphoneos;
				SWIFT_COMPILATION_MODE = wholemodule;
				SWIFT_OPTIMIZATION_LEVEL = "-O";
				VALIDATE_PRODUCT = YES;
			};
			name = Release;
		};
		0FF90DF6276D0F1A0051D1E4 /* Debug */ = {
			isa = XCBuildConfiguration;
			buildSettings = {
				ASSETCATALOG_COMPILER_APPICON_NAME = AppIcon;
				ASSETCATALOG_COMPILER_GLOBAL_ACCENT_COLOR_NAME = AccentColor;
				CODE_SIGN_STYLE = Automatic;
				CURRENT_PROJECT_VERSION = 1;
				DEVELOPMENT_ASSET_PATHS = "\"TouchDown/Preview Content\"";
				DEVELOPMENT_TEAM = M9GS99CBAG;
				ENABLE_PREVIEWS = YES;
				GENERATE_INFOPLIST_FILE = YES;
				INFOPLIST_FILE = TouchDown/Info.plist;
				INFOPLIST_KEY_UIApplicationSceneManifest_Generation = YES;
				INFOPLIST_KEY_UIApplicationSupportsIndirectInputEvents = YES;
				INFOPLIST_KEY_UISupportedInterfaceOrientations_iPad = "UIInterfaceOrientationPortrait UIInterfaceOrientationPortraitUpsideDown UIInterfaceOrientationLandscapeLeft UIInterfaceOrientationLandscapeRight";
				INFOPLIST_KEY_UISupportedInterfaceOrientations_iPhone = "UIInterfaceOrientationPortrait UIInterfaceOrientationLandscapeLeft UIInterfaceOrientationLandscapeRight";
				INFOPLIST_KEY_UIUserInterfaceStyle = Light;
				LD_RUNPATH_SEARCH_PATHS = (
					"$(inherited)",
					"@executable_path/Frameworks",
				);
				MARKETING_VERSION = 1.0;
				PRODUCT_BUNDLE_IDENTIFIER = rrp.TouchDown;
				PRODUCT_NAME = "$(TARGET_NAME)";
				SWIFT_EMIT_LOC_STRINGS = YES;
				SWIFT_VERSION = 5.0;
				TARGETED_DEVICE_FAMILY = "1,2";
			};
			name = Debug;
		};
		0FF90DF7276D0F1A0051D1E4 /* Release */ = {
			isa = XCBuildConfiguration;
			buildSettings = {
				ASSETCATALOG_COMPILER_APPICON_NAME = AppIcon;
				ASSETCATALOG_COMPILER_GLOBAL_ACCENT_COLOR_NAME = AccentColor;
				CODE_SIGN_STYLE = Automatic;
				CURRENT_PROJECT_VERSION = 1;
				DEVELOPMENT_ASSET_PATHS = "\"TouchDown/Preview Content\"";
				DEVELOPMENT_TEAM = M9GS99CBAG;
				ENABLE_PREVIEWS = YES;
				GENERATE_INFOPLIST_FILE = YES;
				INFOPLIST_FILE = TouchDown/Info.plist;
				INFOPLIST_KEY_UIApplicationSceneManifest_Generation = YES;
				INFOPLIST_KEY_UIApplicationSupportsIndirectInputEvents = YES;
				INFOPLIST_KEY_UISupportedInterfaceOrientations_iPad = "UIInterfaceOrientationPortrait UIInterfaceOrientationPortraitUpsideDown UIInterfaceOrientationLandscapeLeft UIInterfaceOrientationLandscapeRight";
				INFOPLIST_KEY_UISupportedInterfaceOrientations_iPhone = "UIInterfaceOrientationPortrait UIInterfaceOrientationLandscapeLeft UIInterfaceOrientationLandscapeRight";
				INFOPLIST_KEY_UIUserInterfaceStyle = Light;
				LD_RUNPATH_SEARCH_PATHS = (
					"$(inherited)",
					"@executable_path/Frameworks",
				);
				MARKETING_VERSION = 1.0;
				PRODUCT_BUNDLE_IDENTIFIER = rrp.TouchDown;
				PRODUCT_NAME = "$(TARGET_NAME)";
				SWIFT_EMIT_LOC_STRINGS = YES;
				SWIFT_VERSION = 5.0;
				TARGETED_DEVICE_FAMILY = "1,2";
			};
			name = Release;
		};
/* End XCBuildConfiguration section */

/* Begin XCConfigurationList section */
		0FF90DE2276D0F180051D1E4 /* Build configuration list for PBXProject "TouchDown" */ = {
			isa = XCConfigurationList;
			buildConfigurations = (
				0FF90DF3276D0F1A0051D1E4 /* Debug */,
				0FF90DF4276D0F1A0051D1E4 /* Release */,
			);
			defaultConfigurationIsVisible = 0;
			defaultConfigurationName = Release;
		};
		0FF90DF5276D0F1A0051D1E4 /* Build configuration list for PBXNativeTarget "TouchDown" */ = {
			isa = XCConfigurationList;
			buildConfigurations = (
				0FF90DF6276D0F1A0051D1E4 /* Debug */,
				0FF90DF7276D0F1A0051D1E4 /* Release */,
			);
			defaultConfigurationIsVisible = 0;
			defaultConfigurationName = Release;
		};
/* End XCConfigurationList section */
	};
	rootObject = 0FF90DDF276D0F180051D1E4 /* Project object */;
}
